
Microsoft Visual Studio Solution File, Format Version 12.00
# Visual Studio 15
VisualStudioVersion = 15.0.26124.0
MinimumVisualStudioVersion = 15.0.26124.0
Project("{9A19103F-16F7-4668-BE54-9A1E7A4F7556}") = "NF.StateMachine.Interface", "NF.StateMachine.Interface\NF.StateMachine.Interface.csproj", "{8B29B7FD-189A-42E4-A61C-164677C4B092}"
EndProject
Project("{9A19103F-16F7-4668-BE54-9A1E7A4F7556}") = "NF.StateMachine.Impl", "NF.StateMachine.Impl\NF.StateMachine.Impl.csproj", "{2AB927EA-25CD-4F4B-980A-BEE6D514AE91}"
EndProject
Global
	GlobalSection(SolutionConfigurationPlatforms) = preSolution
		Debug|Any CPU = Debug|Any CPU
		Debug|x64 = Debug|x64
		Debug|x86 = Debug|x86
		Release|Any CPU = Release|Any CPU
		Release|x64 = Release|x64
		Release|x86 = Release|x86
	EndGlobalSection
	GlobalSection(ProjectConfigurationPlatforms) = postSolution
		{8B29B7FD-189A-42E4-A61C-164677C4B092}.Debug|Any CPU.ActiveCfg = Debug|Any CPU
		{8B29B7FD-189A-42E4-A61C-164677C4B092}.Debug|Any CPU.Build.0 = Debug|Any CPU
		{8B29B7FD-189A-42E4-A61C-164677C4B092}.Debug|x64.ActiveCfg = Debug|Any CPU
		{8B29B7FD-189A-42E4-A61C-164677C4B092}.Debug|x64.Build.0 = Debug|Any CPU
		{8B29B7FD-189A-42E4-A61C-164677C4B092}.Debug|x86.ActiveCfg = Debug|Any CPU
		{8B29B7FD-189A-42E4-A61C-164677C4B092}.Debug|x86.Build.0 = Debug|Any CPU
		{8B29B7FD-189A-42E4-A61C-164677C4B092}.Release|Any CPU.ActiveCfg = Release|Any CPU
		{8B29B7FD-189A-42E4-A61C-164677C4B092}.Release|Any CPU.Build.0 = Release|Any CPU
		{8B29B7FD-189A-42E4-A61C-164677C4B092}.Release|x64.ActiveCfg = Release|Any CPU
		{8B29B7FD-189A-42E4-A61C-164677C4B092}.Release|x64.Build.0 = Release|Any CPU
		{8B29B7FD-189A-42E4-A61C-164677C4B092}.Release|x86.ActiveCfg = Release|Any CPU
		{8B29B7FD-189A-42E4-A61C-164677C4B092}.Release|x86.Build.0 = Release|Any CPU
		{2AB927EA-25CD-4F4B-980A-BEE6D514AE91}.Debug|Any CPU.ActiveCfg = Debug|Any CPU
		{2AB927EA-25CD-4F4B-980A-BEE6D514AE91}.Debug|Any CPU.Build.0 = Debug|Any CPU
		{2AB927EA-25CD-4F4B-980A-BEE6D514AE91}.Debug|x64.ActiveCfg = Debug|Any CPU
		{2AB927EA-25CD-4F4B-980A-BEE6D514AE91}.Debug|x64.Build.0 = Debug|Any CPU
		{2AB927EA-25CD-4F4B-980A-BEE6D514AE91}.Debug|x86.ActiveCfg = Debug|Any CPU
		{2AB927EA-25CD-4F4B-980A-BEE6D514AE91}.Debug|x86.Build.0 = Debug|Any CPU
		{2AB927EA-25CD-4F4B-980A-BEE6D514AE91}.Release|Any CPU.ActiveCfg = Release|Any CPU
		{2AB927EA-25CD-4F4B-980A-BEE6D514AE91}.Release|Any CPU.Build.0 = Release|Any CPU
		{2AB927EA-25CD-4F4B-980A-BEE6D514AE91}.Release|x64.ActiveCfg = Release|Any CPU
		{2AB927EA-25CD-4F4B-980A-BEE6D514AE91}.Release|x64.Build.0 = Release|Any CPU
		{2AB927EA-25CD-4F4B-980A-BEE6D514AE91}.Release|x86.ActiveCfg = Release|Any CPU
		{2AB927EA-25CD-4F4B-980A-BEE6D514AE91}.Release|x86.Build.0 = Release|Any CPU
	EndGlobalSection
	GlobalSection(SolutionProperties) = preSolution
		HideSolutionNode = FALSE
	EndGlobalSection
	GlobalSection(ExtensibilityGlobals) = postSolution
		SolutionGuid = {4F295F56-DD9B-4161-96C2-5A14373BBFA3}
	EndGlobalSection
EndGlobal
